
Microsoft Visual Studio Solution File, Format Version 12.00
# Visual Studio Version 16
VisualStudioVersion = 16.0.30114.105
MinimumVisualStudioVersion = 10.0.40219.1
Project("{2150E333-8FDC-42A3-9474-1A3956D46DE8}") = "WebAPIClient", "WebAPIClient", "{6675EA63-AFBD-41B4-86D4-F7CCC8E61AF0}"
EndProject
Project("{FAE04EC0-301F-11D3-BF4B-00C04F79EFBC}") = "Library", "WebAPIClient\Library\Library.csproj", "{F0CF8250-41D0-4FD3-B263-2A7D484F67AD}"
EndProject
Project("{FAE04EC0-301F-11D3-BF4B-00C04F79EFBC}") = "Program", "WebAPIClient\Program\Program.csproj", "{E2145047-1735-4C89-9CC4-7E1C96A2061C}"
EndProject
Project("{2150E333-8FDC-42A3-9474-1A3956D46DE8}") = "test", "test", "{C93736F7-1E99-4E44-9294-EBA5642AF7A5}"
EndProject
Project("{2150E333-8FDC-42A3-9474-1A3956D46DE8}") = "WebApiClient", "WebApiClient", "{2EF49957-D6E6-4FD0-BCE2-0B3A53C09211}"
EndProject
Project("{FAE04EC0-301F-11D3-BF4B-00C04F79EFBC}") = "WebApi.Library.Test", "test\WebApiClient\Library.Test\WebApi.Library.Test.csproj", "{1112F5AD-5C25-4335-8068-66DB1AAFB4FC}"
EndProject
Project("{FAE04EC0-301F-11D3-BF4B-00C04F79EFBC}") = "WebApi.Program.Test", "test\WebApiClient\Program.Test\WebApi.Program.Test.csproj", "{12A84ADA-C999-432A-B24F-408644F0AD18}"
EndProject
Global
	GlobalSection(SolutionConfigurationPlatforms) = preSolution
		Debug|Any CPU = Debug|Any CPU
		Release|Any CPU = Release|Any CPU
	EndGlobalSection
	GlobalSection(SolutionProperties) = preSolution
		HideSolutionNode = FALSE
	EndGlobalSection
	GlobalSection(ProjectConfigurationPlatforms) = postSolution
		{F0CF8250-41D0-4FD3-B263-2A7D484F67AD}.Debug|Any CPU.ActiveCfg = Debug|Any CPU
		{F0CF8250-41D0-4FD3-B263-2A7D484F67AD}.Debug|Any CPU.Build.0 = Debug|Any CPU
		{F0CF8250-41D0-4FD3-B263-2A7D484F67AD}.Release|Any CPU.ActiveCfg = Release|Any CPU
		{F0CF8250-41D0-4FD3-B263-2A7D484F67AD}.Release|Any CPU.Build.0 = Release|Any CPU
		{E2145047-1735-4C89-9CC4-7E1C96A2061C}.Debug|Any CPU.ActiveCfg = Debug|Any CPU
		{E2145047-1735-4C89-9CC4-7E1C96A2061C}.Debug|Any CPU.Build.0 = Debug|Any CPU
		{E2145047-1735-4C89-9CC4-7E1C96A2061C}.Release|Any CPU.ActiveCfg = Release|Any CPU
		{E2145047-1735-4C89-9CC4-7E1C96A2061C}.Release|Any CPU.Build.0 = Release|Any CPU
		{1112F5AD-5C25-4335-8068-66DB1AAFB4FC}.Debug|Any CPU.ActiveCfg = Debug|Any CPU
		{1112F5AD-5C25-4335-8068-66DB1AAFB4FC}.Debug|Any CPU.Build.0 = Debug|Any CPU
		{1112F5AD-5C25-4335-8068-66DB1AAFB4FC}.Release|Any CPU.ActiveCfg = Release|Any CPU
		{1112F5AD-5C25-4335-8068-66DB1AAFB4FC}.Release|Any CPU.Build.0 = Release|Any CPU
		{12A84ADA-C999-432A-B24F-408644F0AD18}.Debug|Any CPU.ActiveCfg = Debug|Any CPU
		{12A84ADA-C999-432A-B24F-408644F0AD18}.Debug|Any CPU.Build.0 = Debug|Any CPU
		{12A84ADA-C999-432A-B24F-408644F0AD18}.Release|Any CPU.ActiveCfg = Release|Any CPU
		{12A84ADA-C999-432A-B24F-408644F0AD18}.Release|Any CPU.Build.0 = Release|Any CPU
	EndGlobalSection
	GlobalSection(NestedProjects) = preSolution
		{F0CF8250-41D0-4FD3-B263-2A7D484F67AD} = {6675EA63-AFBD-41B4-86D4-F7CCC8E61AF0}
		{E2145047-1735-4C89-9CC4-7E1C96A2061C} = {6675EA63-AFBD-41B4-86D4-F7CCC8E61AF0}
		{2EF49957-D6E6-4FD0-BCE2-0B3A53C09211} = {C93736F7-1E99-4E44-9294-EBA5642AF7A5}
		{1112F5AD-5C25-4335-8068-66DB1AAFB4FC} = {2EF49957-D6E6-4FD0-BCE2-0B3A53C09211}
		{12A84ADA-C999-432A-B24F-408644F0AD18} = {2EF49957-D6E6-4FD0-BCE2-0B3A53C09211}
	EndGlobalSection
EndGlobal
